
Microsoft Visual Studio Solution File, Format Version 12.00
# Visual Studio Version 17
VisualStudioVersion = 17.4.33103.184
MinimumVisualStudioVersion = 10.0.40219.1
Project("{FAE04EC0-301F-11D3-BF4B-00C04F79EFBC}") = "SmartStock.Web", "SmartStock.Web\SmartStock.Web.csproj", "{7D9C0864-19EC-47DA-8DD7-19866BCE9DC5}"
EndProject
Project("{FAE04EC0-301F-11D3-BF4B-00C04F79EFBC}") = "SmartStock.Repository", "SmartStock.Repository\SmartStock.Repository.csproj", "{6B982BC9-46FD-4499-B344-7F82DEEA4CFA}"
EndProject
Project("{FAE04EC0-301F-11D3-BF4B-00C04F79EFBC}") = "SmartStock.Models", "SmartStock.Models\SmartStock.Models.csproj", "{CA302A4F-65B3-4760-9DA5-A5D6F083F199}"
EndProject
Project("{FAE04EC0-301F-11D3-BF4B-00C04F79EFBC}") = "SmartStock.Services", "SmartStock.Services\SmartStock.Services.csproj", "{226D00CD-CAB6-4507-893E-5C3E08D2CE39}"
EndProject
Project("{FAE04EC0-301F-11D3-BF4B-00C04F79EFBC}") = "SmartStock.Utility", "SmartStock.Utility\SmartStock.Utility.csproj", "{E7736BCA-CF87-4026-98D6-4672273EBBBC}"
EndProject
Global
	GlobalSection(SolutionConfigurationPlatforms) = preSolution
		Debug|Any CPU = Debug|Any CPU
		Release|Any CPU = Release|Any CPU
	EndGlobalSection
	GlobalSection(ProjectConfigurationPlatforms) = postSolution
		{7D9C0864-19EC-47DA-8DD7-19866BCE9DC5}.Debug|Any CPU.ActiveCfg = Debug|Any CPU
		{7D9C0864-19EC-47DA-8DD7-19866BCE9DC5}.Debug|Any CPU.Build.0 = Debug|Any CPU
		{7D9C0864-19EC-47DA-8DD7-19866BCE9DC5}.Release|Any CPU.ActiveCfg = Release|Any CPU
		{7D9C0864-19EC-47DA-8DD7-19866BCE9DC5}.Release|Any CPU.Build.0 = Release|Any CPU
		{6B982BC9-46FD-4499-B344-7F82DEEA4CFA}.Debug|Any CPU.ActiveCfg = Debug|Any CPU
		{6B982BC9-46FD-4499-B344-7F82DEEA4CFA}.Debug|Any CPU.Build.0 = Debug|Any CPU
		{6B982BC9-46FD-4499-B344-7F82DEEA4CFA}.Release|Any CPU.ActiveCfg = Release|Any CPU
		{6B982BC9-46FD-4499-B344-7F82DEEA4CFA}.Release|Any CPU.Build.0 = Release|Any CPU
		{CA302A4F-65B3-4760-9DA5-A5D6F083F199}.Debug|Any CPU.ActiveCfg = Debug|Any CPU
		{CA302A4F-65B3-4760-9DA5-A5D6F083F199}.Debug|Any CPU.Build.0 = Debug|Any CPU
		{CA302A4F-65B3-4760-9DA5-A5D6F083F199}.Release|Any CPU.ActiveCfg = Release|Any CPU
		{CA302A4F-65B3-4760-9DA5-A5D6F083F199}.Release|Any CPU.Build.0 = Release|Any CPU
		{226D00CD-CAB6-4507-893E-5C3E08D2CE39}.Debug|Any CPU.ActiveCfg = Debug|Any CPU
		{226D00CD-CAB6-4507-893E-5C3E08D2CE39}.Debug|Any CPU.Build.0 = Debug|Any CPU
		{226D00CD-CAB6-4507-893E-5C3E08D2CE39}.Release|Any CPU.ActiveCfg = Release|Any CPU
		{226D00CD-CAB6-4507-893E-5C3E08D2CE39}.Release|Any CPU.Build.0 = Release|Any CPU
		{E7736BCA-CF87-4026-98D6-4672273EBBBC}.Debug|Any CPU.ActiveCfg = Debug|Any CPU
		{E7736BCA-CF87-4026-98D6-4672273EBBBC}.Debug|Any CPU.Build.0 = Debug|Any CPU
		{E7736BCA-CF87-4026-98D6-4672273EBBBC}.Release|Any CPU.ActiveCfg = Release|Any CPU
		{E7736BCA-CF87-4026-98D6-4672273EBBBC}.Release|Any CPU.Build.0 = Release|Any CPU
	EndGlobalSection
	GlobalSection(SolutionProperties) = preSolution
		HideSolutionNode = FALSE
	EndGlobalSection
	GlobalSection(ExtensibilityGlobals) = postSolution
		SolutionGuid = {4E7B0D6B-71DD-4F1A-B022-A8A409E0838F}
	EndGlobalSection
EndGlobal
